# THIS IS AN AUTOGENERATED FILE. DO NOT EDIT THIS FILE DIRECTLY.
# yarn lockfile v1


"@types/node@17.0.24":
  version "17.0.24"
  resolved "https://registry.npmmirror.com/@types/node/-/node-17.0.24.tgz#20ba1bf69c1b4ab405c7a01e950c4f446b05029f"
  integrity sha512-aveCYRQbgTH9Pssp1voEP7HiuWlD2jW2BO56w+bVrJn04i61yh6mRfoKO6hEYQD9vF+W8Chkwc6j1M36uPkx4g==

acorn-walk@^8.2.0:
  version "8.2.0"
  resolved "https://registry.npmmirror.com/acorn-walk/-/acorn-walk-8.2.0.tgz#741210f2e2426454508853a2f44d0ab83b7f69c1"
  integrity sha512-k+iyHEuPgSw6SbuDpGQM+06HQUa04DZ3o+F6CSzXMvvI5KMvnaEqXe+YVe555R9nn6GPt404fos4wcgpw12SDA==

acorn@^8.7.0:
  version "8.7.0"
  resolved "https://registry.npmmirror.com/acorn/-/acorn-8.7.0.tgz#90951fde0f8f09df93549481e5fc141445b791cf"
  integrity sha512-V/LGr1APy+PXIwKebEWrkZPwoeoF+w1jiOBUmuxuiUIaOHtob8Qc9BTrYo7VuI5fR8tqsy+buA2WFooR5olqvQ==

vm2@^3.9.10:
  version "3.9.10"
  resolved "https://registry.npmmirror.com/vm2/-/vm2-3.9.10.tgz#c66543096b5c44c8861a6465805c23c7cc996a44"
  integrity sha512-AuECTSvwu2OHLAZYhG716YzwodKCIJxB6u1zG7PgSQwIgAlEaoXH52bxdcvT8GkGjnYK7r7yWDW0m0sOsPuBjQ==
  dependencies:
    acorn "^8.7.0"
    acorn-walk "^8.2.0"
